
Microsoft Visual Studio Solution File, Format Version 12.00
# Visual Studio Version 16
VisualStudioVersion = 16.0.31613.86
MinimumVisualStudioVersion = 10.0.40219.1
Project("{FAE04EC0-301F-11D3-BF4B-00C04F79EFBC}") = "tp03-2021", "..\tp03-2021\tp03-2021.csproj", "{C6934116-7438-452C-99E5-57A17412F31E}"
EndProject
Global
	GlobalSection(SolutionConfigurationPlatforms) = preSolution
		Debug|Any CPU = Debug|Any CPU
		Release|Any CPU = Release|Any CPU
	EndGlobalSection
	GlobalSection(ProjectConfigurationPlatforms) = postSolution
		{C6934116-7438-452C-99E5-57A17412F31E}.Debug|Any CPU.ActiveCfg = Debug|Any CPU
		{C6934116-7438-452C-99E5-57A17412F31E}.Debug|Any CPU.Build.0 = Debug|Any CPU
		{C6934116-7438-452C-99E5-57A17412F31E}.Release|Any CPU.ActiveCfg = Release|Any CPU
		{C6934116-7438-452C-99E5-57A17412F31E}.Release|Any CPU.Build.0 = Release|Any CPU
	EndGlobalSection
	GlobalSection(SolutionProperties) = preSolution
		HideSolutionNode = FALSE
	EndGlobalSection
	GlobalSection(ExtensibilityGlobals) = postSolution
		SolutionGuid = {F89264C0-9643-4E82-979F-F015210C6E58}
	EndGlobalSection
EndGlobal
